
Microsoft Visual Studio Solution File, Format Version 12.00
# Visual Studio 15
VisualStudioVersion = 15.0.28307.852
MinimumVisualStudioVersion = 10.0.40219.1
Project("{FAE04EC0-301F-11D3-BF4B-00C04F79EFBC}") = "Fitnes.BL", "Fitnes.BL\Fitnes.BL.csproj", "{76794FC7-3EA3-451C-8554-BC22B8504642}"
EndProject
Project("{FAE04EC0-301F-11D3-BF4B-00C04F79EFBC}") = "Fitnes.CMD", "Fitnes.CMD\Fitnes.CMD.csproj", "{9545C4F9-D7E4-43E1-8A51-BFBA0C17120D}"
EndProject
Project("{FAE04EC0-301F-11D3-BF4B-00C04F79EFBC}") = "Fitnes.BLTests", "Fitnes.BLTests\Fitnes.BLTests.csproj", "{0B51830B-5233-4CCB-A22A-6655BD27EEB9}"
EndProject
Project("{54435603-DBB4-11D2-8724-00A0C9A8B90C}") = "Setup", "Setup\Setup.vdproj", "{425FDA9C-C23C-4B2C-8D3C-C687E29C1AE8}"
EndProject
Global
	GlobalSection(SolutionConfigurationPlatforms) = preSolution
		Debug|Any CPU = Debug|Any CPU
		Release|Any CPU = Release|Any CPU
	EndGlobalSection
	GlobalSection(ProjectConfigurationPlatforms) = postSolution
		{76794FC7-3EA3-451C-8554-BC22B8504642}.Debug|Any CPU.ActiveCfg = Debug|Any CPU
		{76794FC7-3EA3-451C-8554-BC22B8504642}.Debug|Any CPU.Build.0 = Debug|Any CPU
		{76794FC7-3EA3-451C-8554-BC22B8504642}.Release|Any CPU.ActiveCfg = Release|Any CPU
		{76794FC7-3EA3-451C-8554-BC22B8504642}.Release|Any CPU.Build.0 = Release|Any CPU
		{9545C4F9-D7E4-43E1-8A51-BFBA0C17120D}.Debug|Any CPU.ActiveCfg = Debug|Any CPU
		{9545C4F9-D7E4-43E1-8A51-BFBA0C17120D}.Debug|Any CPU.Build.0 = Debug|Any CPU
		{9545C4F9-D7E4-43E1-8A51-BFBA0C17120D}.Release|Any CPU.ActiveCfg = Release|Any CPU
		{9545C4F9-D7E4-43E1-8A51-BFBA0C17120D}.Release|Any CPU.Build.0 = Release|Any CPU
		{0B51830B-5233-4CCB-A22A-6655BD27EEB9}.Debug|Any CPU.ActiveCfg = Debug|Any CPU
		{0B51830B-5233-4CCB-A22A-6655BD27EEB9}.Debug|Any CPU.Build.0 = Debug|Any CPU
		{0B51830B-5233-4CCB-A22A-6655BD27EEB9}.Release|Any CPU.ActiveCfg = Release|Any CPU
		{0B51830B-5233-4CCB-A22A-6655BD27EEB9}.Release|Any CPU.Build.0 = Release|Any CPU
		{425FDA9C-C23C-4B2C-8D3C-C687E29C1AE8}.Debug|Any CPU.ActiveCfg = Debug
		{425FDA9C-C23C-4B2C-8D3C-C687E29C1AE8}.Release|Any CPU.ActiveCfg = Release
	EndGlobalSection
	GlobalSection(SolutionProperties) = preSolution
		HideSolutionNode = FALSE
	EndGlobalSection
	GlobalSection(ExtensibilityGlobals) = postSolution
		SolutionGuid = {A1BD3C96-F10F-4FF6-857E-71D7FD943110}
	EndGlobalSection
EndGlobal
